
Microsoft Visual Studio Solution File, Format Version 12.00
# Visual Studio Version 17
VisualStudioVersion = 17.8.34525.116
MinimumVisualStudioVersion = 10.0.40219.1
Project("{F184B08F-C81C-45F6-A57F-5ABD9991F28F}") = "William Bowley Sac 1 Filo 2 - Time to Pay", "William Bowley Sac 1 Filo 2 - Time to Pay\William Bowley Sac 1 Filo 2 - Time to Pay.vbproj", "{F7CC6951-46DF-4E51-AEB2-582A0622B09B}"
EndProject
Global
	GlobalSection(SolutionConfigurationPlatforms) = preSolution
		Debug|Any CPU = Debug|Any CPU
		Release|Any CPU = Release|Any CPU
	EndGlobalSection
	GlobalSection(ProjectConfigurationPlatforms) = postSolution
		{F7CC6951-46DF-4E51-AEB2-582A0622B09B}.Debug|Any CPU.ActiveCfg = Debug|Any CPU
		{F7CC6951-46DF-4E51-AEB2-582A0622B09B}.Debug|Any CPU.Build.0 = Debug|Any CPU
		{F7CC6951-46DF-4E51-AEB2-582A0622B09B}.Release|Any CPU.ActiveCfg = Release|Any CPU
		{F7CC6951-46DF-4E51-AEB2-582A0622B09B}.Release|Any CPU.Build.0 = Release|Any CPU
	EndGlobalSection
	GlobalSection(SolutionProperties) = preSolution
		HideSolutionNode = FALSE
	EndGlobalSection
	GlobalSection(ExtensibilityGlobals) = postSolution
		SolutionGuid = {AE4E4BC4-FAB8-402B-ABE6-B14F51D77E19}
	EndGlobalSection
EndGlobal
